
Microsoft Visual Studio Solution File, Format Version 12.00
# Visual Studio Version 17
VisualStudioVersion = 17.5.002.0
MinimumVisualStudioVersion = 10.0.40219.1
Project("{2150E333-8FDC-42A3-9474-1A3956D46DE8}") = "src", "src", "{A51521C8-739D-43AC-B78D-F1184D9D80F7}"
EndProject
Project("{9A19103F-16F7-4668-BE54-9A1E7A4F7556}") = "AppInnovGHDemo", "src\AppInnovGHDemo\AppInnovGHDemo.csproj", "{78827102-1FDB-4187-B271-7E570C8DAAC9}"
EndProject
Global
	GlobalSection(SolutionConfigurationPlatforms) = preSolution
		Debug|Any CPU = Debug|Any CPU
		Release|Any CPU = Release|Any CPU
	EndGlobalSection
	GlobalSection(ProjectConfigurationPlatforms) = postSolution
		{78827102-1FDB-4187-B271-7E570C8DAAC9}.Debug|Any CPU.ActiveCfg = Debug|Any CPU
		{78827102-1FDB-4187-B271-7E570C8DAAC9}.Debug|Any CPU.Build.0 = Debug|Any CPU
		{78827102-1FDB-4187-B271-7E570C8DAAC9}.Release|Any CPU.ActiveCfg = Release|Any CPU
		{78827102-1FDB-4187-B271-7E570C8DAAC9}.Release|Any CPU.Build.0 = Release|Any CPU
	EndGlobalSection
	GlobalSection(SolutionProperties) = preSolution
		HideSolutionNode = FALSE
	EndGlobalSection
	GlobalSection(NestedProjects) = preSolution
		{78827102-1FDB-4187-B271-7E570C8DAAC9} = {A51521C8-739D-43AC-B78D-F1184D9D80F7}
	EndGlobalSection
	GlobalSection(ExtensibilityGlobals) = postSolution
		SolutionGuid = {A1A137A7-E64E-4990-A910-B9144FD6390E}
	EndGlobalSection
EndGlobal
